Microsoft Visual Studio Solution File, Format Version 12.00
# Visual Studio 2012
Project("{FAE04EC0-301F-11D3-BF4B-00C04F79EFBC}") = "SD Q1 Platformer", "SD Q1 Platformer.csproj", "{C09EFC67-8946-427E-AD2B-25461D0CF858}"
EndProject
Global
	GlobalSection(SolutionConfigurationPlatforms) = preSolution
	Debug|Any CPU = Debug|Any CPU
	ExportDebug|Any CPU = ExportDebug|Any CPU
	ExportRelease|Any CPU = ExportRelease|Any CPU
	EndGlobalSection
	GlobalSection(ProjectConfigurationPlatforms) = postSolution
		{C09EFC67-8946-427E-AD2B-25461D0CF858}.Debug|Any CPU.ActiveCfg = Debug|Any CPU
		{C09EFC67-8946-427E-AD2B-25461D0CF858}.Debug|Any CPU.Build.0 = Debug|Any CPU
		{C09EFC67-8946-427E-AD2B-25461D0CF858}.ExportDebug|Any CPU.ActiveCfg = ExportDebug|Any CPU
		{C09EFC67-8946-427E-AD2B-25461D0CF858}.ExportDebug|Any CPU.Build.0 = ExportDebug|Any CPU
		{C09EFC67-8946-427E-AD2B-25461D0CF858}.ExportRelease|Any CPU.ActiveCfg = ExportRelease|Any CPU
		{C09EFC67-8946-427E-AD2B-25461D0CF858}.ExportRelease|Any CPU.Build.0 = ExportRelease|Any CPU
	EndGlobalSection
EndGlobal
